
Microsoft Visual Studio Solution File, Format Version 12.00
# Visual Studio Version 16
VisualStudioVersion = 16.0.31105.61
MinimumVisualStudioVersion = 10.0.40219.1
Project("{9A19103F-16F7-4668-BE54-9A1E7A4F7556}") = "FreelancerSpace", "FreelancerSpace\FreelancerSpace.csproj", "{76E453EA-3011-489C-A344-205208E5263A}"
EndProject
Project("{FAE04EC0-301F-11D3-BF4B-00C04F79EFBC}") = "Repositorio", "Repositorio\Repositorio.csproj", "{8FB71399-F9C1-448A-8BA4-D0CDECBCDC8C}"
EndProject
Global
	GlobalSection(SolutionConfigurationPlatforms) = preSolution
		Debug|Any CPU = Debug|Any CPU
		Release|Any CPU = Release|Any CPU
	EndGlobalSection
	GlobalSection(ProjectConfigurationPlatforms) = postSolution
		{76E453EA-3011-489C-A344-205208E5263A}.Debug|Any CPU.ActiveCfg = Debug|Any CPU
		{76E453EA-3011-489C-A344-205208E5263A}.Debug|Any CPU.Build.0 = Debug|Any CPU
		{76E453EA-3011-489C-A344-205208E5263A}.Release|Any CPU.ActiveCfg = Release|Any CPU
		{76E453EA-3011-489C-A344-205208E5263A}.Release|Any CPU.Build.0 = Release|Any CPU
		{8FB71399-F9C1-448A-8BA4-D0CDECBCDC8C}.Debug|Any CPU.ActiveCfg = Debug|Any CPU
		{8FB71399-F9C1-448A-8BA4-D0CDECBCDC8C}.Debug|Any CPU.Build.0 = Debug|Any CPU
		{8FB71399-F9C1-448A-8BA4-D0CDECBCDC8C}.Release|Any CPU.ActiveCfg = Release|Any CPU
		{8FB71399-F9C1-448A-8BA4-D0CDECBCDC8C}.Release|Any CPU.Build.0 = Release|Any CPU
	EndGlobalSection
	GlobalSection(SolutionProperties) = preSolution
		HideSolutionNode = FALSE
	EndGlobalSection
	GlobalSection(ExtensibilityGlobals) = postSolution
		SolutionGuid = {0FAB2BD1-C782-4BE3-9D97-6DC231545C0F}
	EndGlobalSection
EndGlobal
